// !$*UTF8*$!
{
	archiveVersion = 1;
	classes = {
	};
	objectVersion = 50;
	objects = {

/* Begin PBXBuildFile section */
		496C67BB26EC8AFB0089F911 /* AppDelegate.swift in Sources */ = {isa = PBXBuildFile; fileRef = 496C67BA26EC8AFB0089F911 /* AppDelegate.swift */; };
		496C67BD26EC8AFB0089F911 /* SceneDelegate.swift in Sources */ = {isa = PBXBuildFile; fileRef = 496C67BC26EC8AFB0089F911 /* SceneDelegate.swift */; };
		496C67BF26EC8AFB0089F911 /* ContentView.swift in Sources */ = {isa = PBXBuildFile; fileRef = 496C67BE26EC8AFB0089F911 /* ContentView.swift */; };
		496C67C226EC8AFB0089F911 /* WebPageChecker.xcdatamodeld in Sources */ = {isa = PBXBuildFile; fileRef = 496C67C026EC8AFB0089F911 /* WebPageChecker.xcdatamodeld */; };
		496C67C426EC8AFD0089F911 /* Assets.xcassets in Resources */ = {isa = PBXBuildFile; fileRef = 496C67C326EC8AFD0089F911 /* Assets.xcassets */; };
		496C67C726EC8AFD0089F911 /* Preview Assets.xcassets in Resources */ = {isa = PBXBuildFile; fileRef = 496C67C626EC8AFD0089F911 /* Preview Assets.xcassets */; };
		496C67CA26EC8AFD0089F911 /* LaunchScreen.storyboard in Resources */ = {isa = PBXBuildFile; fileRef = 496C67C826EC8AFD0089F911 /* LaunchScreen.storyboard */; };
		496C67D726EC8C8A0089F911 /* PageViewModel.swift in Sources */ = {isa = PBXBuildFile; fileRef = 496C67D626EC8C8A0089F911 /* PageViewModel.swift */; };
		496C67DD26EC8D160089F911 /* SettingView.swift in Sources */ = {isa = PBXBuildFile; fileRef = 496C67DC26EC8D160089F911 /* SettingView.swift */; };
		496C67EC26EC923F0089F911 /* PageModel+CoreDataClass.swift in Sources */ = {isa = PBXBuildFile; fileRef = 496C67EA26EC923F0089F911 /* PageModel+CoreDataClass.swift */; };
		496C67ED26EC923F0089F911 /* PageModel+CoreDataProperties.swift in Sources */ = {isa = PBXBuildFile; fileRef = 496C67EB26EC923F0089F911 /* PageModel+CoreDataProperties.swift */; };
		496C67EF26ECBA280089F911 /* DLPageOperation.swift in Sources */ = {isa = PBXBuildFile; fileRef = 496C67EE26ECBA280089F911 /* DLPageOperation.swift */; };
		497DC06426F0D255003B05A8 /* BGAppRefreshManager.swift in Sources */ = {isa = PBXBuildFile; fileRef = 497DC06326F0D255003B05A8 /* BGAppRefreshManager.swift */; };
		497DC06A26F7495E003B05A8 /* PageDataView.swift in Sources */ = {isa = PBXBuildFile; fileRef = 497DC06926F7495E003B05A8 /* PageDataView.swift */; };
/* End PBXBuildFile section */

/* Begin PBXFileReference section */
		496C67B726EC8AFB0089F911 /* WebPageChecker.app */ = {isa = PBXFileReference; explicitFileType = wrapper.application; includeInIndex = 0; path = WebPageChecker.app; sourceTree = BUILT_PRODUCTS_DIR; };
		496C67BA26EC8AFB0089F911 /* AppDelegate.swift */ = {isa = PBXFileReference; lastKnownFileType = sourcecode.swift; path = AppDelegate.swift; sourceTree = "<group>"; };
		496C67BC26EC8AFB0089F911 /* SceneDelegate.swift */ = {isa = PBXFileReference; lastKnownFileType = sourcecode.swift; path = SceneDelegate.swift; sourceTree = "<group>"; };
		496C67BE26EC8AFB0089F911 /* ContentView.swift */ = {isa = PBXFileReference; lastKnownFileType = sourcecode.swift; path = ContentView.swift; sourceTree = "<group>"; };
		496C67C126EC8AFB0089F911 /* WebPageChecker.xcdatamodel */ = {isa = PBXFileReference; lastKnownFileType = wrapper.xcdatamodel; path = WebPageChecker.xcdatamodel; sourceTree = "<group>"; };
		496C67C326EC8AFD0089F911 /* Assets.xcassets */ = {isa = PBXFileReference; lastKnownFileType = folder.assetcatalog; path = Assets.xcassets; sourceTree = "<group>"; };
		496C67C626EC8AFD0089F911 /* Preview Assets.xcassets */ = {isa = PBXFileReference; lastKnownFileType = folder.assetcatalog; path = "Preview Assets.xcassets"; sourceTree = "<group>"; };
		496C67C926EC8AFD0089F911 /* Base */ = {isa = PBXFileReference; lastKnownFileType = file.storyboard; name = Base; path = Base.lproj/LaunchScreen.storyboard; sourceTree = "<group>"; };
		496C67CB26EC8AFD0089F911 /* Info.plist */ = {isa = PBXFileReference; lastKnownFileType = text.plist.xml; path = Info.plist; sourceTree = "<group>"; };
		496C67D626EC8C8A0089F911 /* PageViewModel.swift */ = {isa = PBXFileReference; lastKnownFileType = sourcecode.swift; path = PageViewModel.swift; sourceTree = "<group>"; };
		496C67DC26EC8D160089F911 /* SettingView.swift */ = {isa = PBXFileReference; lastKnownFileType = sourcecode.swift; path = SettingView.swift; sourceTree = "<group>"; };
		496C67EA26EC923F0089F911 /* PageModel+CoreDataClass.swift */ = {isa = PBXFileReference; lastKnownFileType = sourcecode.swift; path = "PageModel+CoreDataClass.swift"; sourceTree = "<group>"; };
		496C67EB26EC923F0089F911 /* PageModel+CoreDataProperties.swift */ = {isa = PBXFileReference; lastKnownFileType = sourcecode.swift; path = "PageModel+CoreDataProperties.swift"; sourceTree = "<group>"; };
		496C67EE26ECBA280089F911 /* DLPageOperation.swift */ = {isa = PBXFileReference; lastKnownFileType = sourcecode.swift; path = DLPageOperation.swift; sourceTree = "<group>"; };
		497DC06326F0D255003B05A8 /* BGAppRefreshManager.swift */ = {isa = PBXFileReference; lastKnownFileType = sourcecode.swift; path = BGAppRefreshManager.swift; sourceTree = "<group>"; };
		497DC06926F7495E003B05A8 /* PageDataView.swift */ = {isa = PBXFileReference; lastKnownFileType = sourcecode.swift; path = PageDataView.swift; sourceTree = "<group>"; };
/* End PBXFileReference section */

/* Begin PBXFrameworksBuildPhase section */
		496C67B426EC8AFB0089F911 /* Frameworks */ = {
			isa = PBXFrameworksBuildPhase;
			buildActionMask = 2147483647;
			files = (
			);
			runOnlyForDeploymentPostprocessing = 0;
		};
/* End PBXFrameworksBuildPhase section */

/* Begin PBXGroup section */
		496C67AE26EC8AFB0089F911 = {
			isa = PBXGroup;
			children = (
				496C67B926EC8AFB0089F911 /* WebPageChecker */,
				496C67B826EC8AFB0089F911 /* Products */,
			);
			sourceTree = "<group>";
		};
		496C67B826EC8AFB0089F911 /* Products */ = {
			isa = PBXGroup;
			children = (
				496C67B726EC8AFB0089F911 /* WebPageChecker.app */,
			);
			name = Products;
			sourceTree = "<group>";
		};
		496C67B926EC8AFB0089F911 /* WebPageChecker */ = {
			isa = PBXGroup;
			children = (
				496C67D126EC8C340089F911 /* Model */,
				496C67BA26EC8AFB0089F911 /* AppDelegate.swift */,
				497DC06926F7495E003B05A8 /* PageDataView.swift */,
				496C67BC26EC8AFB0089F911 /* SceneDelegate.swift */,
				496C67DC26EC8D160089F911 /* SettingView.swift */,
				496C67BE26EC8AFB0089F911 /* ContentView.swift */,
				496C67EE26ECBA280089F911 /* DLPageOperation.swift */,
				496C67D626EC8C8A0089F911 /* PageViewModel.swift */,
				496C67C326EC8AFD0089F911 /* Assets.xcassets */,
				497DC06326F0D255003B05A8 /* BGAppRefreshManager.swift */,
				496C67C826EC8AFD0089F911 /* LaunchScreen.storyboard */,
				496C67CB26EC8AFD0089F911 /* Info.plist */,
				496C67C526EC8AFD0089F911 /* Preview Content */,
			);
			path = WebPageChecker;
			sourceTree = "<group>";
		};
		496C67C526EC8AFD0089F911 /* Preview Content */ = {
			isa = PBXGroup;
			children = (
				496C67C626EC8AFD0089F911 /* Preview Assets.xcassets */,
			);
			path = "Preview Content";
			sourceTree = "<group>";
		};
		496C67D126EC8C340089F911 /* Model */ = {
			isa = PBXGroup;
			children = (
				496C67EA26EC923F0089F911 /* PageModel+CoreDataClass.swift */,
				496C67EB26EC923F0089F911 /* PageModel+CoreDataProperties.swift */,
				496C67C026EC8AFB0089F911 /* WebPageChecker.xcdatamodeld */,
			);
			path = Model;
			sourceTree = "<group>";
		};
/* End PBXGroup section */

/* Begin PBXNativeTarget section */
		496C67B626EC8AFB0089F911 /* WebPageChecker */ = {
			isa = PBXNativeTarget;
			buildConfigurationList = 496C67CE26EC8AFD0089F911 /* Build configuration list for PBXNativeTarget "WebPageChecker" */;
			buildPhases = (
				496C67B326EC8AFB0089F911 /* Sources */,
				496C67B426EC8AFB0089F911 /* Frameworks */,
				496C67B526EC8AFB0089F911 /* Resources */,
			);
			buildRules = (
			);
			dependencies = (
			);
			name = WebPageChecker;
			productName = WebPageChecker;
			productReference = 496C67B726EC8AFB0089F911 /* WebPageChecker.app */;
			productType = "com.apple.product-type.application";
		};
/* End PBXNativeTarget section */

/* Begin PBXProject section */
		496C67AF26EC8AFB0089F911 /* Project object */ = {
			isa = PBXProject;
			attributes = {
				LastSwiftUpdateCheck = 1250;
				LastUpgradeCheck = 1250;
				TargetAttributes = {
					496C67B626EC8AFB0089F911 = {
						CreatedOnToolsVersion = 12.5.1;
					};
				};
			};
			buildConfigurationList = 496C67B226EC8AFB0089F911 /* Build configuration list for PBXProject "WebPageChecker" */;
			compatibilityVersion = "Xcode 9.3";
			developmentRegion = en;
			hasScannedForEncodings = 0;
			knownRegions = (
				en,
				Base,
			);
			mainGroup = 496C67AE26EC8AFB0089F911;
			productRefGroup = 496C67B826EC8AFB0089F911 /* Products */;
			projectDirPath = "";
			projectRoot = "";
			targets = (
				496C67B626EC8AFB0089F911 /* WebPageChecker */,
			);
		};
/* End PBXProject section */

/* Begin PBXResourcesBuildPhase section */
		496C67B526EC8AFB0089F911 /* Resources */ = {
			isa = PBXResourcesBuildPhase;
			buildActionMask = 2147483647;
			files = (
				496C67CA26EC8AFD0089F911 /* LaunchScreen.storyboard in Resources */,
				496C67C726EC8AFD0089F911 /* Preview Assets.xcassets in Resources */,
				496C67C426EC8AFD0089F911 /* Assets.xcassets in Resources */,
			);
			runOnlyForDeploymentPostprocessing = 0;
		};
/* End PBXResourcesBuildPhase section */

/* Begin PBXSourcesBuildPhase section */
		496C67B326EC8AFB0089F911 /* Sources */ = {
			isa = PBXSourcesBuildPhase;
			buildActionMask = 2147483647;
			files = (
				496C67BB26EC8AFB0089F911 /* AppDelegate.swift in Sources */,
				496C67BD26EC8AFB0089F911 /* SceneDelegate.swift in Sources */,
				497DC06A26F7495E003B05A8 /* PageDataView.swift in Sources */,
				496C67D726EC8C8A0089F911 /* PageViewModel.swift in Sources */,
				496C67EF26ECBA280089F911 /* DLPageOperation.swift in Sources */,
				496C67EC26EC923F0089F911 /* PageModel+CoreDataClass.swift in Sources */,
				496C67BF26EC8AFB0089F911 /* ContentView.swift in Sources */,
				496C67ED26EC923F0089F911 /* PageModel+CoreDataProperties.swift in Sources */,
				496C67DD26EC8D160089F911 /* SettingView.swift in Sources */,
				497DC06426F0D255003B05A8 /* BGAppRefreshManager.swift in Sources */,
				496C67C226EC8AFB0089F911 /* WebPageChecker.xcdatamodeld in Sources */,
			);
			runOnlyForDeploymentPostprocessing = 0;
		};
/* End PBXSourcesBuildPhase section */

/* Begin PBXVariantGroup section */
		496C67C826EC8AFD0089F911 /* LaunchScreen.storyboard */ = {
			isa = PBXVariantGroup;
			children = (
				496C67C926EC8AFD0089F911 /* Base */,
			);
			name = LaunchScreen.storyboard;
			sourceTree = "<group>";
		};
/* End PBXVariantGroup section */

/* Begin XCBuildConfiguration section */
		496C67CC26EC8AFD0089F911 /* Debug */ = {
			isa = XCBuildConfiguration;
			buildSettings = {
				ALWAYS_SEARCH_USER_PATHS = NO;
				CLANG_ANALYZER_NONNULL = YES;
				CLANG_ANALYZER_NUMBER_OBJECT_CONVERSION = YES_AGGRESSIVE;
				CLANG_CXX_LANGUAGE_STANDARD = "gnu++14";
				CLANG_CXX_LIBRARY = "libc++";
				CLANG_ENABLE_MODULES = YES;
				CLANG_ENABLE_OBJC_ARC = YES;
				CLANG_ENABLE_OBJC_WEAK = YES;
				CLANG_WARN_BLOCK_CAPTURE_AUTORELEASING = YES;
				CLANG_WARN_BOOL_CONVERSION = YES;
				CLANG_WARN_COMMA = YES;
				CLANG_WARN_CONSTANT_CONVERSION = YES;
				CLANG_WARN_DEPRECATED_OBJC_IMPLEMENTATIONS = YES;
				CLANG_WARN_DIRECT_OBJC_ISA_USAGE = YES_ERROR;
				CLANG_WARN_DOCUMENTATION_COMMENTS = YES;
				CLANG_WARN_EMPTY_BODY = YES;
				CLANG_WARN_ENUM_CONVERSION = YES;
				CLANG_WARN_INFINITE_RECURSION = YES;
				CLANG_WARN_INT_CONVERSION = YES;
				CLANG_WARN_NON_LITERAL_NULL_CONVERSION = YES;
				CLANG_WARN_OBJC_IMPLICIT_RETAIN_SELF = YES;
				CLANG_WARN_OBJC_LITERAL_CONVERSION = YES;
				CLANG_WARN_OBJC_ROOT_CLASS = YES_ERROR;
				CLANG_WARN_QUOTED_INCLUDE_IN_FRAMEWORK_HEADER = YES;
				CLANG_WARN_RANGE_LOOP_ANALYSIS = YES;
				CLANG_WARN_STRICT_PROTOTYPES = YES;
				CLANG_WARN_SUSPICIOUS_MOVE = YES;
				CLANG_WARN_UNGUARDED_AVAILABILITY = YES_AGGRESSIVE;
				CLANG_WARN_UNREACHABLE_CODE = YES;
				CLANG_WARN__DUPLICATE_METHOD_MATCH = YES;
				COPY_PHASE_STRIP = NO;
				DEBUG_INFORMATION_FORMAT = dwarf;
				ENABLE_STRICT_OBJC_MSGSEND = YES;
				ENABLE_TESTABILITY = YES;
				GCC_C_LANGUAGE_STANDARD = gnu11;
				GCC_DYNAMIC_NO_PIC = NO;
				GCC_NO_COMMON_BLOCKS = YES;
				GCC_OPTIMIZATION_LEVEL = 0;
				GCC_PREPROCESSOR_DEFINITIONS = (
					"DEBUG=1",
					"$(inherited)",
				);
				GCC_WARN_64_TO_32_BIT_CONVERSION = YES;
				GCC_WARN_ABOUT_RETURN_TYPE = YES_ERROR;
				GCC_WARN_UNDECLARED_SELECTOR = YES;
				GCC_WARN_UNINITIALIZED_AUTOS = YES_AGGRESSIVE;
				GCC_WARN_UNUSED_FUNCTION = YES;
				GCC_WARN_UNUSED_VARIABLE = YES;
				IPHONEOS_DEPLOYMENT_TARGET = 14.5;
				MTL_ENABLE_DEBUG_INFO = INCLUDE_SOURCE;
				MTL_FAST_MATH = YES;
				ONLY_ACTIVE_ARCH = YES;
				SDKROOT = iphoneos;
				SWIFT_ACTIVE_COMPILATION_CONDITIONS = DEBUG;
				SWIFT_OPTIMIZATION_LEVEL = "-Onone";
			};
			name = Debug;
		};
		496C67CD26EC8AFD0089F911 /* Release */ = {
			isa = XCBuildConfiguration;
			buildSettings = {
				ALWAYS_SEARCH_USER_PATHS = NO;
				CLANG_ANALYZER_NONNULL = YES;
				CLANG_ANALYZER_NUMBER_OBJECT_CONVERSION = YES_AGGRESSIVE;
				CLANG_CXX_LANGUAGE_STANDARD = "gnu++14";
				CLANG_CXX_LIBRARY = "libc++";
				CLANG_ENABLE_MODULES = YES;
				CLANG_ENABLE_OBJC_ARC = YES;
				CLANG_ENABLE_OBJC_WEAK = YES;
				CLANG_WARN_BLOCK_CAPTURE_AUTORELEASING = YES;
				CLANG_WARN_BOOL_CONVERSION = YES;
				CLANG_WARN_COMMA = YES;
				CLANG_WARN_CONSTANT_CONVERSION = YES;
				CLANG_WARN_DEPRECATED_OBJC_IMPLEMENTATIONS = YES;
				CLANG_WARN_DIRECT_OBJC_ISA_USAGE = YES_ERROR;
				CLANG_WARN_DOCUMENTATION_COMMENTS = YES;
				CLANG_WARN_EMPTY_BODY = YES;
				CLANG_WARN_ENUM_CONVERSION = YES;
				CLANG_WARN_INFINITE_RECURSION = YES;
				CLANG_WARN_INT_CONVERSION = YES;
				CLANG_WARN_NON_LITERAL_NULL_CONVERSION = YES;
				CLANG_WARN_OBJC_IMPLICIT_RETAIN_SELF = YES;
				CLANG_WARN_OBJC_LITERAL_CONVERSION = YES;
				CLANG_WARN_OBJC_ROOT_CLASS = YES_ERROR;
				CLANG_WARN_QUOTED_INCLUDE_IN_FRAMEWORK_HEADER = YES;
				CLANG_WARN_RANGE_LOOP_ANALYSIS = YES;
				CLANG_WARN_STRICT_PROTOTYPES = YES;
				CLANG_WARN_SUSPICIOUS_MOVE = YES;
				CLANG_WARN_UNGUARDED_AVAILABILITY = YES_AGGRESSIVE;
				CLANG_WARN_UNREACHABLE_CODE = YES;
				CLANG_WARN__DUPLICATE_METHOD_MATCH = YES;
				COPY_PHASE_STRIP = NO;
				DEBUG_INFORMATION_FORMAT = "dwarf-with-dsym";
				ENABLE_NS_ASSERTIONS = NO;
				ENABLE_STRICT_OBJC_MSGSEND = YES;
				GCC_C_LANGUAGE_STANDARD = gnu11;
				GCC_NO_COMMON_BLOCKS = YES;
				GCC_WARN_64_TO_32_BIT_CONVERSION = YES;
				GCC_WARN_ABOUT_RETURN_TYPE = YES_ERROR;
				GCC_WARN_UNDECLARED_SELECTOR = YES;
				GCC_WARN_UNINITIALIZED_AUTOS = YES_AGGRESSIVE;
				GCC_WARN_UNUSED_FUNCTION = YES;
				GCC_WARN_UNUSED_VARIABLE = YES;
				IPHONEOS_DEPLOYMENT_TARGET = 14.5;
				MTL_ENABLE_DEBUG_INFO = NO;
				MTL_FAST_MATH = YES;
				SDKROOT = iphoneos;
				SWIFT_COMPILATION_MODE = wholemodule;
				SWIFT_OPTIMIZATION_LEVEL = "-O";
				VALIDATE_PRODUCT = YES;
			};
			name = Release;
		};
		496C67CF26EC8AFD0089F911 /* Debug */ = {
			isa = XCBuildConfiguration;
			buildSettings = {
				ASSETCATALOG_COMPILER_APPICON_NAME = AppIcon;
				ASSETCATALOG_COMPILER_GLOBAL_ACCENT_COLOR_NAME = AccentColor;
				CODE_SIGN_STYLE = Automatic;
				DEVELOPMENT_ASSET_PATHS = "\"WebPageChecker/Preview Content\"";
				DEVELOPMENT_TEAM = 27SU9T88M5;
				ENABLE_PREVIEWS = YES;
				INFOPLIST_FILE = WebPageChecker/Info.plist;
				LD_RUNPATH_SEARCH_PATHS = (
					"$(inherited)",
					"@executable_path/Frameworks",
				);
				PRODUCT_BUNDLE_IDENTIFIER = "-1nyaa.WebPageChecker";
				PRODUCT_NAME = "$(TARGET_NAME)";
				SWIFT_VERSION = 5.0;
				TARGETED_DEVICE_FAMILY = "1,2";
			};
			name = Debug;
		};
		496C67D026EC8AFD0089F911 /* Release */ = {
			isa = XCBuildConfiguration;
			buildSettings = {
				ASSETCATALOG_COMPILER_APPICON_NAME = AppIcon;
				ASSETCATALOG_COMPILER_GLOBAL_ACCENT_COLOR_NAME = AccentColor;
				CODE_SIGN_STYLE = Automatic;
				DEVELOPMENT_ASSET_PATHS = "\"WebPageChecker/Preview Content\"";
				DEVELOPMENT_TEAM = 27SU9T88M5;
				ENABLE_PREVIEWS = YES;
				INFOPLIST_FILE = WebPageChecker/Info.plist;
				LD_RUNPATH_SEARCH_PATHS = (
					"$(inherited)",
					"@executable_path/Frameworks",
				);
				PRODUCT_BUNDLE_IDENTIFIER = "-1nyaa.WebPageChecker";
				PRODUCT_NAME = "$(TARGET_NAME)";
				SWIFT_VERSION = 5.0;
				TARGETED_DEVICE_FAMILY = "1,2";
			};
			name = Release;
		};
/* End XCBuildConfiguration section */

/* Begin XCConfigurationList section */
		496C67B226EC8AFB0089F911 /* Build configuration list for PBXProject "WebPageChecker" */ = {
			isa = XCConfigurationList;
			buildConfigurations = (
				496C67CC26EC8AFD0089F911 /* Debug */,
				496C67CD26EC8AFD0089F911 /* Release */,
			);
			defaultConfigurationIsVisible = 0;
			defaultConfigurationName = Release;
		};
		496C67CE26EC8AFD0089F911 /* Build configuration list for PBXNativeTarget "WebPageChecker" */ = {
			isa = XCConfigurationList;
			buildConfigurations = (
				496C67CF26EC8AFD0089F911 /* Debug */,
				496C67D026EC8AFD0089F911 /* Release */,
			);
			defaultConfigurationIsVisible = 0;
			defaultConfigurationName = Release;
		};
/* End XCConfigurationList section */

/* Begin XCVersionGroup section */
		496C67C026EC8AFB0089F911 /* WebPageChecker.xcdatamodeld */ = {
			isa = XCVersionGroup;
			children = (
				496C67C126EC8AFB0089F911 /* WebPageChecker.xcdatamodel */,
			);
			currentVersion = 496C67C126EC8AFB0089F911 /* WebPageChecker.xcdatamodel */;
			path = WebPageChecker.xcdatamodeld;
			sourceTree = "<group>";
			versionGroupType = wrapper.xcdatamodel;
		};
/* End XCVersionGroup section */
	};
	rootObject = 496C67AF26EC8AFB0089F911 /* Project object */;
}
